<Solution>
  <Folder Name="/src/" />
  <Folder Name="/src/API/">
    <Project Path="Musync.Api/Musync.Api.csproj" />
  </Folder>
  <Folder Name="/src/Core/">
    <Project Path="Musync.Domain/Musync.Domain.csproj" />
  </Folder>
  <Folder Name="/src/Infrastructure/">
    <Project Path="Musync.Identity/Musync.Identity.csproj" />
  </Folder>
</Solution>
